
Microsoft Visual Studio Solution File, Format Version 12.00
# Visual Studio Version 16
VisualStudioVersion = 16.0.28803.452
MinimumVisualStudioVersion = 10.0.40219.1
Project("{FAE04EC0-301F-11D3-BF4B-00C04F79EFBC}") = "FirstApp1", "FirstApp1\FirstApp1.csproj", "{38118FAE-256A-43FA-ACD8-6FC0CAC8B93D}"
EndProject
Global
	GlobalSection(SolutionConfigurationPlatforms) = preSolution
		Debug|Any CPU = Debug|Any CPU
		Release|Any CPU = Release|Any CPU
	EndGlobalSection
	GlobalSection(ProjectConfigurationPlatforms) = postSolution
		{38118FAE-256A-43FA-ACD8-6FC0CAC8B93D}.Debug|Any CPU.ActiveCfg = Debug|Any CPU
		{38118FAE-256A-43FA-ACD8-6FC0CAC8B93D}.Debug|Any CPU.Build.0 = Debug|Any CPU
		{38118FAE-256A-43FA-ACD8-6FC0CAC8B93D}.Debug|Any CPU.Deploy.0 = Debug|Any CPU
		{38118FAE-256A-43FA-ACD8-6FC0CAC8B93D}.Release|Any CPU.ActiveCfg = Release|Any CPU
		{38118FAE-256A-43FA-ACD8-6FC0CAC8B93D}.Release|Any CPU.Build.0 = Release|Any CPU
		{38118FAE-256A-43FA-ACD8-6FC0CAC8B93D}.Release|Any CPU.Deploy.0 = Release|Any CPU
	EndGlobalSection
	GlobalSection(SolutionProperties) = preSolution
		HideSolutionNode = FALSE
	EndGlobalSection
	GlobalSection(ExtensibilityGlobals) = postSolution
		SolutionGuid = {21338283-9922-45AA-AA9E-BEF9A56797C3}
	EndGlobalSection
EndGlobal
